
Microsoft Visual Studio Solution File, Format Version 12.00
# Visual Studio Version 16
VisualStudioVersion = 16.0.30002.166
MinimumVisualStudioVersion = 10.0.40219.1
Project("{2150E333-8FDC-42A3-9474-1A3956D46DE8}") = "01 - Apresentação", "01 - Apresentação", "{63A29B91-4175-44ED-8FDC-E8DA2E549932}"
EndProject
Project("{FAE04EC0-301F-11D3-BF4B-00C04F79EFBC}") = "Exercicio01_2Threads0a100.Apresentacao", "Exercicio01-2Threads0a100\Exercicio01_2Threads0a100.Apresentacao.csproj", "{420507E3-2741-405B-87EB-BBA9F6DAC41B}"
EndProject
Project("{FAE04EC0-301F-11D3-BF4B-00C04F79EFBC}") = "Exercicio02_MetodoAssincrono.Apresentacao", "Exercicio02_MetodoAssincrono.Apresentacao\Exercicio02_MetodoAssincrono.Apresentacao.csproj", "{AAA14C92-93BA-408C-81F6-D86A2C9A2DCA}"
EndProject
Global
	GlobalSection(SolutionConfigurationPlatforms) = preSolution
		Debug|Any CPU = Debug|Any CPU
		Release|Any CPU = Release|Any CPU
	EndGlobalSection
	GlobalSection(ProjectConfigurationPlatforms) = postSolution
		{420507E3-2741-405B-87EB-BBA9F6DAC41B}.Debug|Any CPU.ActiveCfg = Debug|Any CPU
		{420507E3-2741-405B-87EB-BBA9F6DAC41B}.Debug|Any CPU.Build.0 = Debug|Any CPU
		{420507E3-2741-405B-87EB-BBA9F6DAC41B}.Release|Any CPU.ActiveCfg = Release|Any CPU
		{420507E3-2741-405B-87EB-BBA9F6DAC41B}.Release|Any CPU.Build.0 = Release|Any CPU
		{AAA14C92-93BA-408C-81F6-D86A2C9A2DCA}.Debug|Any CPU.ActiveCfg = Debug|Any CPU
		{AAA14C92-93BA-408C-81F6-D86A2C9A2DCA}.Debug|Any CPU.Build.0 = Debug|Any CPU
		{AAA14C92-93BA-408C-81F6-D86A2C9A2DCA}.Release|Any CPU.ActiveCfg = Release|Any CPU
		{AAA14C92-93BA-408C-81F6-D86A2C9A2DCA}.Release|Any CPU.Build.0 = Release|Any CPU
	EndGlobalSection
	GlobalSection(SolutionProperties) = preSolution
		HideSolutionNode = FALSE
	EndGlobalSection
	GlobalSection(NestedProjects) = preSolution
		{420507E3-2741-405B-87EB-BBA9F6DAC41B} = {63A29B91-4175-44ED-8FDC-E8DA2E549932}
		{AAA14C92-93BA-408C-81F6-D86A2C9A2DCA} = {63A29B91-4175-44ED-8FDC-E8DA2E549932}
	EndGlobalSection
	GlobalSection(ExtensibilityGlobals) = postSolution
		SolutionGuid = {3BF99499-2C39-4CC3-A1B2-685AB60C6836}
	EndGlobalSection
EndGlobal
